{
  "nodes": {
    "nixpkgs": {
      "locked": {
        "lastModified": 1776734388,
        "narHash": "sha256-vl3dkhlE5gzsItuHoEMVe+DlonsK+0836LIRDnm6MXQ=",
        "owner": "NixOS",
        "repo": "nixpkgs",
        "rev": "10e7ad5bbcb421fe07e3a4ad53a634b0cd57ffac",
        "type": "github"
      },
      "original": {
        "owner": "NixOS",
        "ref": "nixos-25.11",
        "repo": "nixpkgs",
        "type": "github"
      }
    },
    "root": {
      "inputs": {
        "nixpkgs": "nixpkgs",
        "wallpapers": "wallpapers"
      }
    },
    "wallpapers": {
      "flake": false,
      "locked": {
        "lastModified": 1777047889,
        "narHash": "sha256-5fWYw7F3OvvSZwtP7VQAIgEsyovaNobSODgVegzizDs=",
        "owner": "leahevy",
        "repo": "wallpapers",
        "rev": "a52cdbe7e8e3f64c00f4ba33f6aaebb4b04c26c6",
        "type": "github"
      },
      "original": {
        "owner": "leahevy",
        "ref": "main",
        "repo": "wallpapers",
        "type": "github"
      }
    }
  },
  "root": "root",
  "version": 7
}
